// !$*UTF8*$!
{
	archiveVersion = 1;
	classes = {
	};
	objectVersion = 50;
	objects = {

/* Begin PBXBuildFile section */
		4E412416208EB8AA00003041 /* DirectoryMonitor.swift in Sources */ = {isa = PBXBuildFile; fileRef = 4E412415208EB8AA00003041 /* DirectoryMonitor.swift */; };
		4E412418208EBE3F00003041 /* FileChangeMonitor.swift in Sources */ = {isa = PBXBuildFile; fileRef = 4E412417208EBE3F00003041 /* FileChangeMonitor.swift */; };
		4E41241A208ED96600003041 /* Preferences.swift in Sources */ = {isa = PBXBuildFile; fileRef = 4E412419208ED96600003041 /* Preferences.swift */; };
		4E41241C208ED98300003041 /* Preferences.xib in Resources */ = {isa = PBXBuildFile; fileRef = 4E41241B208ED98300003041 /* Preferences.xib */; };
		4EF060D8208BF5490024924D /* AppDelegate.swift in Sources */ = {isa = PBXBuildFile; fileRef = 4EF060D7208BF5490024924D /* AppDelegate.swift */; };
		4EF060DA208BF54B0024924D /* Assets.xcassets in Resources */ = {isa = PBXBuildFile; fileRef = 4EF060D9208BF54B0024924D /* Assets.xcassets */; };
		4EF060DD208BF54B0024924D /* MainMenu.xib in Resources */ = {isa = PBXBuildFile; fileRef = 4EF060DB208BF54B0024924D /* MainMenu.xib */; };
/* End PBXBuildFile section */

/* Begin PBXFileReference section */
		4E412414208D381900003041 /* ApplePrivate.h */ = {isa = PBXFileReference; lastKnownFileType = sourcecode.c.h; path = ApplePrivate.h; sourceTree = "<group>"; };
		4E412415208EB8AA00003041 /* DirectoryMonitor.swift */ = {isa = PBXFileReference; lastKnownFileType = sourcecode.swift; path = DirectoryMonitor.swift; sourceTree = "<group>"; };
		4E412417208EBE3F00003041 /* FileChangeMonitor.swift */ = {isa = PBXFileReference; lastKnownFileType = sourcecode.swift; path = FileChangeMonitor.swift; sourceTree = "<group>"; };
		4E412419208ED96600003041 /* Preferences.swift */ = {isa = PBXFileReference; lastKnownFileType = sourcecode.swift; path = Preferences.swift; sourceTree = "<group>"; };
		4E41241B208ED98300003041 /* Preferences.xib */ = {isa = PBXFileReference; lastKnownFileType = file.xib; path = Preferences.xib; sourceTree = "<group>"; };
		4EF060D4208BF5490024924D /* BackgroundifierBuddy.app */ = {isa = PBXFileReference; explicitFileType = wrapper.application; includeInIndex = 0; path = BackgroundifierBuddy.app; sourceTree = BUILT_PRODUCTS_DIR; };
		4EF060D7208BF5490024924D /* AppDelegate.swift */ = {isa = PBXFileReference; lastKnownFileType = sourcecode.swift; path = AppDelegate.swift; sourceTree = "<group>"; };
		4EF060D9208BF54B0024924D /* Assets.xcassets */ = {isa = PBXFileReference; lastKnownFileType = folder.assetcatalog; path = Assets.xcassets; sourceTree = "<group>"; };
		4EF060DC208BF54B0024924D /* Base */ = {isa = PBXFileReference; lastKnownFileType = file.xib; name = Base; path = Base.lproj/MainMenu.xib; sourceTree = "<group>"; };
		4EF060DE208BF54B0024924D /* Info.plist */ = {isa = PBXFileReference; lastKnownFileType = text.plist.xml; path = Info.plist; sourceTree = "<group>"; };
		4EF060DF208BF54B0024924D /* BackgroundifierCompanion.entitlements */ = {isa = PBXFileReference; lastKnownFileType = text.plist.entitlements; path = BackgroundifierCompanion.entitlements; sourceTree = "<group>"; };
		4EF060E5208BFCF10024924D /* BackgroundifierCompanion-Bridging-Header.h */ = {isa = PBXFileReference; lastKnownFileType = sourcecode.c.h; path = "BackgroundifierCompanion-Bridging-Header.h"; sourceTree = "<group>"; };
/* End PBXFileReference section */

/* Begin PBXFrameworksBuildPhase section */
		4EF060D1208BF5490024924D /* Frameworks */ = {
			isa = PBXFrameworksBuildPhase;
			buildActionMask = 2147483647;
			files = (
			);
			runOnlyForDeploymentPostprocessing = 0;
		};
/* End PBXFrameworksBuildPhase section */

/* Begin PBXGroup section */
		4EF060CB208BF5490024924D = {
			isa = PBXGroup;
			children = (
				4EF060D6208BF5490024924D /* BackgroundifierCompanion */,
				4EF060D5208BF5490024924D /* Products */,
			);
			sourceTree = "<group>";
		};
		4EF060D5208BF5490024924D /* Products */ = {
			isa = PBXGroup;
			children = (
				4EF060D4208BF5490024924D /* BackgroundifierBuddy.app */,
			);
			name = Products;
			sourceTree = "<group>";
		};
		4EF060D6208BF5490024924D /* BackgroundifierCompanion */ = {
			isa = PBXGroup;
			children = (
				4EF060D7208BF5490024924D /* AppDelegate.swift */,
				4E412419208ED96600003041 /* Preferences.swift */,
				4E412417208EBE3F00003041 /* FileChangeMonitor.swift */,
				4E412415208EB8AA00003041 /* DirectoryMonitor.swift */,
				4EF060E5208BFCF10024924D /* BackgroundifierCompanion-Bridging-Header.h */,
				4E412414208D381900003041 /* ApplePrivate.h */,
				4EF060D9208BF54B0024924D /* Assets.xcassets */,
				4E41241B208ED98300003041 /* Preferences.xib */,
				4EF060DB208BF54B0024924D /* MainMenu.xib */,
				4EF060DE208BF54B0024924D /* Info.plist */,
				4EF060DF208BF54B0024924D /* BackgroundifierCompanion.entitlements */,
			);
			path = BackgroundifierCompanion;
			sourceTree = "<group>";
		};
/* End PBXGroup section */

/* Begin PBXNativeTarget section */
		4EF060D3208BF5490024924D /* BackgroundifierBuddy */ = {
			isa = PBXNativeTarget;
			buildConfigurationList = 4EF060E2208BF54B0024924D /* Build configuration list for PBXNativeTarget "BackgroundifierBuddy" */;
			buildPhases = (
				4EF060D0208BF5490024924D /* Sources */,
				4EF060D1208BF5490024924D /* Frameworks */,
				4EF060D2208BF5490024924D /* Resources */,
			);
			buildRules = (
			);
			dependencies = (
			);
			name = BackgroundifierBuddy;
			productName = BackgroundifierCompanion;
			productReference = 4EF060D4208BF5490024924D /* BackgroundifierBuddy.app */;
			productType = "com.apple.product-type.application";
		};
/* End PBXNativeTarget section */

/* Begin PBXProject section */
		4EF060CC208BF5490024924D /* Project object */ = {
			isa = PBXProject;
			attributes = {
				LastSwiftUpdateCheck = 0930;
				LastUpgradeCheck = 0930;
				ORGANIZATIONNAME = "Alexei Baboulevitch";
				TargetAttributes = {
					4EF060D3208BF5490024924D = {
						CreatedOnToolsVersion = 9.3;
						LastSwiftMigration = 0930;
						SystemCapabilities = {
							com.apple.Sandbox = {
								enabled = 0;
							};
						};
					};
				};
			};
			buildConfigurationList = 4EF060CF208BF5490024924D /* Build configuration list for PBXProject "BackgroundifierBuddy" */;
			compatibilityVersion = "Xcode 9.3";
			developmentRegion = en;
			hasScannedForEncodings = 0;
			knownRegions = (
				en,
				Base,
			);
			mainGroup = 4EF060CB208BF5490024924D;
			productRefGroup = 4EF060D5208BF5490024924D /* Products */;
			projectDirPath = "";
			projectRoot = "";
			targets = (
				4EF060D3208BF5490024924D /* BackgroundifierBuddy */,
			);
		};
/* End PBXProject section */

/* Begin PBXResourcesBuildPhase section */
		4EF060D2208BF5490024924D /* Resources */ = {
			isa = PBXResourcesBuildPhase;
			buildActionMask = 2147483647;
			files = (
				4EF060DA208BF54B0024924D /* Assets.xcassets in Resources */,
				4E41241C208ED98300003041 /* Preferences.xib in Resources */,
				4EF060DD208BF54B0024924D /* MainMenu.xib in Resources */,
			);
			runOnlyForDeploymentPostprocessing = 0;
		};
/* End PBXResourcesBuildPhase section */

/* Begin PBXSourcesBuildPhase section */
		4EF060D0208BF5490024924D /* Sources */ = {
			isa = PBXSourcesBuildPhase;
			buildActionMask = 2147483647;
			files = (
				4E412416208EB8AA00003041 /* DirectoryMonitor.swift in Sources */,
				4EF060D8208BF5490024924D /* AppDelegate.swift in Sources */,
				4E41241A208ED96600003041 /* Preferences.swift in Sources */,
				4E412418208EBE3F00003041 /* FileChangeMonitor.swift in Sources */,
			);
			runOnlyForDeploymentPostprocessing = 0;
		};
/* End PBXSourcesBuildPhase section */

/* Begin PBXVariantGroup section */
		4EF060DB208BF54B0024924D /* MainMenu.xib */ = {
			isa = PBXVariantGroup;
			children = (
				4EF060DC208BF54B0024924D /* Base */,
			);
			name = MainMenu.xib;
			sourceTree = "<group>";
		};
/* End PBXVariantGroup section */

/* Begin XCBuildConfiguration section */
		4EF060E0208BF54B0024924D /* Debug */ = {
			isa = XCBuildConfiguration;
			buildSettings = {
				ALWAYS_SEARCH_USER_PATHS = NO;
				CLANG_ANALYZER_NONNULL = YES;
				CLANG_ANALYZER_NUMBER_OBJECT_CONVERSION = YES_AGGRESSIVE;
				CLANG_CXX_LANGUAGE_STANDARD = "gnu++14";
				CLANG_CXX_LIBRARY = "libc++";
				CLANG_ENABLE_MODULES = YES;
				CLANG_ENABLE_OBJC_ARC = YES;
				CLANG_ENABLE_OBJC_WEAK = YES;
				CLANG_WARN_BLOCK_CAPTURE_AUTORELEASING = YES;
				CLANG_WARN_BOOL_CONVERSION = YES;
				CLANG_WARN_COMMA = YES;
				CLANG_WARN_CONSTANT_CONVERSION = YES;
				CLANG_WARN_DEPRECATED_OBJC_IMPLEMENTATIONS = YES;
				CLANG_WARN_DIRECT_OBJC_ISA_USAGE = YES_ERROR;
				CLANG_WARN_DOCUMENTATION_COMMENTS = YES;
				CLANG_WARN_EMPTY_BODY = YES;
				CLANG_WARN_ENUM_CONVERSION = YES;
				CLANG_WARN_INFINITE_RECURSION = YES;
				CLANG_WARN_INT_CONVERSION = YES;
				CLANG_WARN_NON_LITERAL_NULL_CONVERSION = YES;
				CLANG_WARN_OBJC_IMPLICIT_RETAIN_SELF = YES;
				CLANG_WARN_OBJC_LITERAL_CONVERSION = YES;
				CLANG_WARN_OBJC_ROOT_CLASS = YES_ERROR;
				CLANG_WARN_RANGE_LOOP_ANALYSIS = YES;
				CLANG_WARN_STRICT_PROTOTYPES = YES;
				CLANG_WARN_SUSPICIOUS_MOVE = YES;
				CLANG_WARN_UNGUARDED_AVAILABILITY = YES_AGGRESSIVE;
				CLANG_WARN_UNREACHABLE_CODE = YES;
				CLANG_WARN__DUPLICATE_METHOD_MATCH = YES;
				CODE_SIGN_IDENTITY = "Mac Developer";
				COPY_PHASE_STRIP = NO;
				DEBUG_INFORMATION_FORMAT = dwarf;
				ENABLE_STRICT_OBJC_MSGSEND = YES;
				ENABLE_TESTABILITY = YES;
				GCC_C_LANGUAGE_STANDARD = gnu11;
				GCC_DYNAMIC_NO_PIC = NO;
				GCC_NO_COMMON_BLOCKS = YES;
				GCC_OPTIMIZATION_LEVEL = 0;
				GCC_PREPROCESSOR_DEFINITIONS = (
					"DEBUG=1",
					"$(inherited)",
				);
				GCC_WARN_64_TO_32_BIT_CONVERSION = YES;
				GCC_WARN_ABOUT_RETURN_TYPE = YES_ERROR;
				GCC_WARN_UNDECLARED_SELECTOR = YES;
				GCC_WARN_UNINITIALIZED_AUTOS = YES_AGGRESSIVE;
				GCC_WARN_UNUSED_FUNCTION = YES;
				GCC_WARN_UNUSED_VARIABLE = YES;
				MACOSX_DEPLOYMENT_TARGET = 10.13;
				MTL_ENABLE_DEBUG_INFO = YES;
				ONLY_ACTIVE_ARCH = YES;
				SDKROOT = macosx;
				SWIFT_ACTIVE_COMPILATION_CONDITIONS = DEBUG;
				SWIFT_OPTIMIZATION_LEVEL = "-Onone";
			};
			name = Debug;
		};
		4EF060E1208BF54B0024924D /* Release */ = {
			isa = XCBuildConfiguration;
			buildSettings = {
				ALWAYS_SEARCH_USER_PATHS = NO;
				CLANG_ANALYZER_NONNULL = YES;
				CLANG_ANALYZER_NUMBER_OBJECT_CONVERSION = YES_AGGRESSIVE;
				CLANG_CXX_LANGUAGE_STANDARD = "gnu++14";
				CLANG_CXX_LIBRARY = "libc++";
				CLANG_ENABLE_MODULES = YES;
				CLANG_ENABLE_OBJC_ARC = YES;
				CLANG_ENABLE_OBJC_WEAK = YES;
				CLANG_WARN_BLOCK_CAPTURE_AUTORELEASING = YES;
				CLANG_WARN_BOOL_CONVERSION = YES;
				CLANG_WARN_COMMA = YES;
				CLANG_WARN_CONSTANT_CONVERSION = YES;
				CLANG_WARN_DEPRECATED_OBJC_IMPLEMENTATIONS = YES;
				CLANG_WARN_DIRECT_OBJC_ISA_USAGE = YES_ERROR;
				CLANG_WARN_DOCUMENTATION_COMMENTS = YES;
				CLANG_WARN_EMPTY_BODY = YES;
				CLANG_WARN_ENUM_CONVERSION = YES;
				CLANG_WARN_INFINITE_RECURSION = YES;
				CLANG_WARN_INT_CONVERSION = YES;
				CLANG_WARN_NON_LITERAL_NULL_CONVERSION = YES;
				CLANG_WARN_OBJC_IMPLICIT_RETAIN_SELF = YES;
				CLANG_WARN_OBJC_LITERAL_CONVERSION = YES;
				CLANG_WARN_OBJC_ROOT_CLASS = YES_ERROR;
				CLANG_WARN_RANGE_LOOP_ANALYSIS = YES;
				CLANG_WARN_STRICT_PROTOTYPES = YES;
				CLANG_WARN_SUSPICIOUS_MOVE = YES;
				CLANG_WARN_UNGUARDED_AVAILABILITY = YES_AGGRESSIVE;
				CLANG_WARN_UNREACHABLE_CODE = YES;
				CLANG_WARN__DUPLICATE_METHOD_MATCH = YES;
				CODE_SIGN_IDENTITY = "Mac Developer";
				COPY_PHASE_STRIP = NO;
				DEBUG_INFORMATION_FORMAT = "dwarf-with-dsym";
				ENABLE_NS_ASSERTIONS = NO;
				ENABLE_STRICT_OBJC_MSGSEND = YES;
				GCC_C_LANGUAGE_STANDARD = gnu11;
				GCC_NO_COMMON_BLOCKS = YES;
				GCC_WARN_64_TO_32_BIT_CONVERSION = YES;
				GCC_WARN_ABOUT_RETURN_TYPE = YES_ERROR;
				GCC_WARN_UNDECLARED_SELECTOR = YES;
				GCC_WARN_UNINITIALIZED_AUTOS = YES_AGGRESSIVE;
				GCC_WARN_UNUSED_FUNCTION = YES;
				GCC_WARN_UNUSED_VARIABLE = YES;
				MACOSX_DEPLOYMENT_TARGET = 10.13;
				MTL_ENABLE_DEBUG_INFO = NO;
				SDKROOT = macosx;
				SWIFT_COMPILATION_MODE = wholemodule;
				SWIFT_OPTIMIZATION_LEVEL = "-O";
			};
			name = Release;
		};
		4EF060E3208BF54B0024924D /* Debug */ = {
			isa = XCBuildConfiguration;
			buildSettings = {
				ASSETCATALOG_COMPILER_APPICON_NAME = AppIcon;
				CLANG_ENABLE_MODULES = YES;
				CODE_SIGN_STYLE = Automatic;
				COMBINE_HIDPI_IMAGES = YES;
				DEVELOPMENT_TEAM = R4MX2B96J2;
				INFOPLIST_FILE = BackgroundifierCompanion/Info.plist;
				LD_RUNPATH_SEARCH_PATHS = (
					"$(inherited)",
					"@executable_path/../Frameworks",
				);
				PRODUCT_BUNDLE_IDENTIFIER = "net.archagon.backgroundifier-buddy";
				PRODUCT_NAME = "$(TARGET_NAME)";
				SWIFT_OBJC_BRIDGING_HEADER = "BackgroundifierCompanion/BackgroundifierCompanion-Bridging-Header.h";
				SWIFT_OPTIMIZATION_LEVEL = "-Onone";
				SWIFT_VERSION = 4.0;
			};
			name = Debug;
		};
		4EF060E4208BF54B0024924D /* Release */ = {
			isa = XCBuildConfiguration;
			buildSettings = {
				ASSETCATALOG_COMPILER_APPICON_NAME = AppIcon;
				CLANG_ENABLE_MODULES = YES;
				CODE_SIGN_STYLE = Automatic;
				COMBINE_HIDPI_IMAGES = YES;
				DEVELOPMENT_TEAM = R4MX2B96J2;
				INFOPLIST_FILE = BackgroundifierCompanion/Info.plist;
				LD_RUNPATH_SEARCH_PATHS = (
					"$(inherited)",
					"@executable_path/../Frameworks",
				);
				PRODUCT_BUNDLE_IDENTIFIER = "net.archagon.backgroundifier-buddy";
				PRODUCT_NAME = "$(TARGET_NAME)";
				SWIFT_OBJC_BRIDGING_HEADER = "BackgroundifierCompanion/BackgroundifierCompanion-Bridging-Header.h";
				SWIFT_VERSION = 4.0;
			};
			name = Release;
		};
/* End XCBuildConfiguration section */

/* Begin XCConfigurationList section */
		4EF060CF208BF5490024924D /* Build configuration list for PBXProject "BackgroundifierBuddy" */ = {
			isa = XCConfigurationList;
			buildConfigurations = (
				4EF060E0208BF54B0024924D /* Debug */,
				4EF060E1208BF54B0024924D /* Release */,
			);
			defaultConfigurationIsVisible = 0;
			defaultConfigurationName = Release;
		};
		4EF060E2208BF54B0024924D /* Build configuration list for PBXNativeTarget "BackgroundifierBuddy" */ = {
			isa = XCConfigurationList;
			buildConfigurations = (
				4EF060E3208BF54B0024924D /* Debug */,
				4EF060E4208BF54B0024924D /* Release */,
			);
			defaultConfigurationIsVisible = 0;
			defaultConfigurationName = Release;
		};
/* End XCConfigurationList section */
	};
	rootObject = 4EF060CC208BF5490024924D /* Project object */;
}
